<?xml version="1.0" encoding="utf-8"?>
<Project ToolsVersion="4.0" xmlns="http://schemas.microsoft.com/developer/msbuild/2003">
  <ItemGroup>
    <Filter Include="Headers">
      <UniqueIdentifier>{4b0a624a-610d-4bc6-b311-2b02a781cdf9}</UniqueIdentifier>
    </Filter>
    <Filter Include="Sources">
      <UniqueIdentifier>{96692d2a-8790-41a9-bfac-6c5662d4ad61}</UniqueIdentifier>
    </Filter>
    <Filter Include="Headers\SampleStage">
      <UniqueIdentifier>{a682afc8-ce20-40ba-bb0f-6402352b3d82}</UniqueIdentifier>
    </Filter>
    <Filter Include="Sources\SmapleStage">
      <UniqueIdentifier>{974175a0-c7c6-4f86-a715-329338d5d1fa}</UniqueIdentifier>
    </Filter>
    <Filter Include="Headers\Stage">
      <UniqueIdentifier>{d79f1c49-e5ce-40f9-ac2e-c6d2999876f1}</UniqueIdentifier>
    </Filter>
    <Filter Include="Sources\GameObject">
      <UniqueIdentifier>{982b6387-fcf0-447b-8554-71350e5b9b9b}</UniqueIdentifier>
    </Filter>
    <Filter Include="Sources\Stage">
      <UniqueIdentifier>{2089f9cd-47d5-474f-8dc7-c31cf6665879}</UniqueIdentifier>
    </Filter>
    <Filter Include="Sources\UI">
      <UniqueIdentifier>{265f642b-aa47-4edf-bbff-62edeafad10e}</UniqueIdentifier>
    </Filter>
    <Filter Include="Headers\UI">
      <UniqueIdentifier>{7905f119-e687-4750-9b95-dfa8ffb293d1}</UniqueIdentifier>
    </Filter>
    <Filter Include="Headers\GameObject">
      <UniqueIdentifier>{10bc3cfd-2336-49f8-a5b6-3a4724e32fa5}</UniqueIdentifier>
    </Filter>
    <Filter Include="Headers\Manager">
      <UniqueIdentifier>{8a39c830-ee19-432f-a9d0-a02b83ffe069}</UniqueIdentifier>
    </Filter>
    <Filter Include="Sources\Manager">
      <UniqueIdentifier>{d6b9dc7c-16c6-46c9-a731-de737e74def3}</UniqueIdentifier>
    </Filter>
    <Filter Include="Sources\Effect">
      <UniqueIdentifier>{11e544fa-1c4c-4101-8e27-76bddd7047cc}</UniqueIdentifier>
    </Filter>
    <Filter Include="Headers\Effect">
      <UniqueIdentifier>{86b6e35a-78de-44a3-8293-0e73adb9088b}</UniqueIdentifier>
    </Filter>
  </ItemGroup>
  <ItemGroup>
    <ClInclude Include="$(MSBuildThisFileDirectory)Project.h">
      <Filter>Headers</Filter>
    </ClInclude>
    <ClInclude Include="$(MSBuildThisFileDirectory)ProjectShader.h">
      <Filter>Headers</Filter>
    </ClInclude>
    <ClInclude Include="$(MSBuildThisFileDirectory)Scene.h">
      <Filter>Headers</Filter>
    </ClInclude>
    <ClInclude Include="$(MSBuildThisFileDirectory)ProjectBehavior.h">
      <Filter>Headers</Filter>
    </ClInclude>
    <ClInclude Include="$(MSBuildThisFileDirectory)MainCamera.h">
      <Filter>Headers</Filter>
    </ClInclude>
    <ClInclude Include="$(MSBuildThisFileDirectory)HemmiStage.h">
      <Filter>Headers\SampleStage</Filter>
    </ClInclude>
    <ClInclude Include="$(MSBuildThisFileDirectory)SanpeiStage.h">
      <Filter>Headers\SampleStage</Filter>
    </ClInclude>
    <ClInclude Include="$(MSBuildThisFileDirectory)OkawaraStage.h">
      <Filter>Headers\SampleStage</Filter>
    </ClInclude>
    <ClInclude Include="$(MSBuildThisFileDirectory)TaruiStage.h">
      <Filter>Headers\SampleStage</Filter>
    </ClInclude>
    <ClInclude Include="$(MSBuildThisFileDirectory)TestCamera.h">
      <Filter>Headers</Filter>
    </ClInclude>
    <ClInclude Include="$(MSBuildThisFileDirectory)Data.h">
      <Filter>Headers</Filter>
    </ClInclude>
    <ClInclude Include="$(MSBuildThisFileDirectory)GameStage4.h">
      <Filter>Headers\Stage</Filter>
    </ClInclude>
    <ClInclude Include="$(MSBuildThisFileDirectory)StartStage.h">
      <Filter>Headers\Stage</Filter>
    </ClInclude>
    <ClInclude Include="$(MSBuildThisFileDirectory)ClearStage.h">
      <Filter>Headers\Stage</Filter>
    </ClInclude>
    <ClInclude Include="$(MSBuildThisFileDirectory)GameOverStage.h">
      <Filter>Headers\Stage</Filter>
    </ClInclude>
    <ClInclude Include="$(MSBuildThisFileDirectory)Wall.h">
      <Filter>Headers\GameObject</Filter>
    </ClInclude>
    <ClInclude Include="$(MSBuildThisFileDirectory)Block.h">
      <Filter>Headers\GameObject</Filter>
    </ClInclude>
    <ClInclude Include="$(MSBuildThisFileDirectory)Block2.h">
      <Filter>Headers\GameObject</Filter>
    </ClInclude>
    <ClInclude Include="$(MSBuildThisFileDirectory)BreakWall.h">
      <Filter>Headers\GameObject</Filter>
    </ClInclude>
    <ClInclude Include="$(MSBuildThisFileDirectory)Bullet.h">
      <Filter>Headers\GameObject</Filter>
    </ClInclude>
    <ClInclude Include="$(MSBuildThisFileDirectory)Character.h">
      <Filter>Headers\GameObject</Filter>
    </ClInclude>
    <ClInclude Include="$(MSBuildThisFileDirectory)Enemy.h">
      <Filter>Headers\GameObject</Filter>
    </ClInclude>
    <ClInclude Include="$(MSBuildThisFileDirectory)EnemyPiece.h">
      <Filter>Headers\GameObject</Filter>
    </ClInclude>
    <ClInclude Include="$(MSBuildThisFileDirectory)Ground.h">
      <Filter>Headers\GameObject</Filter>
    </ClInclude>
    <ClInclude Include="$(MSBuildThisFileDirectory)Player.h">
      <Filter>Headers\GameObject</Filter>
    </ClInclude>
    <ClInclude Include="$(MSBuildThisFileDirectory)RecoveryWall.h">
      <Filter>Headers\GameObject</Filter>
    </ClInclude>
    <ClInclude Include="$(MSBuildThisFileDirectory)UITime.h">
      <Filter>Headers\UI</Filter>
    </ClInclude>
    <ClInclude Include="$(MSBuildThisFileDirectory)Radar.h">
      <Filter>Headers\UI</Filter>
    </ClInclude>
    <ClInclude Include="$(MSBuildThisFileDirectory)Garge.h">
      <Filter>Headers\UI</Filter>
    </ClInclude>
    <ClInclude Include="$(MSBuildThisFileDirectory)PieceGarge.h">
      <Filter>Headers\UI</Filter>
    </ClInclude>
    <ClInclude Include="$(MSBuildThisFileDirectory)PieceGarge2.h">
      <Filter>Headers\UI</Filter>
    </ClInclude>
    <ClInclude Include="$(MSBuildThisFileDirectory)PlayerGarge.h">
      <Filter>Headers\UI</Filter>
    </ClInclude>
    <ClInclude Include="$(MSBuildThisFileDirectory)TimeManager.h">
      <Filter>Headers\Manager</Filter>
    </ClInclude>
    <ClInclude Include="$(MSBuildThisFileDirectory)StageManager.h">
      <Filter>Headers\Manager</Filter>
    </ClInclude>
    <ClInclude Include="$(MSBuildThisFileDirectory)Sprite.h">
      <Filter>Headers\UI</Filter>
    </ClInclude>
    <ClInclude Include="$(MSBuildThisFileDirectory)BigPiece.h">
      <Filter>Headers\GameObject</Filter>
    </ClInclude>
    <ClInclude Include="$(MSBuildThisFileDirectory)StatusStage.h">
      <Filter>Headers\Stage</Filter>
    </ClInclude>
    <ClInclude Include="$(MSBuildThisFileDirectory)LoadStage.h">
      <Filter>Headers\Stage</Filter>
    </ClInclude>
    <ClInclude Include="$(MSBuildThisFileDirectory)TitleStage.h">
      <Filter>Headers\Stage</Filter>
    </ClInclude>
    <ClInclude Include="$(MSBuildThisFileDirectory)StatusManager.h">
      <Filter>Headers\Manager</Filter>
    </ClInclude>
    <ClInclude Include="$(MSBuildThisFileDirectory)ScoreStage.h">
      <Filter>Headers\Stage</Filter>
    </ClInclude>
    <ClInclude Include="$(MSBuildThisFileDirectory)PieceLittle.h">
      <Filter>Headers\GameObject</Filter>
    </ClInclude>
    <ClInclude Include="$(MSBuildThisFileDirectory)EscapeManager.h">
      <Filter>Headers\Manager</Filter>
    </ClInclude>
    <ClInclude Include="$(MSBuildThisFileDirectory)Comment.h">
      <Filter>Headers\UI</Filter>
    </ClInclude>
    <ClInclude Include="$(MSBuildThisFileDirectory)CommentManager.h">
      <Filter>Headers\Manager</Filter>
    </ClInclude>
    <ClInclude Include="$(MSBuildThisFileDirectory)GameStage8.h">
      <Filter>Headers\Stage</Filter>
    </ClInclude>
    <ClInclude Include="$(MSBuildThisFileDirectory)GameStage10.h">
      <Filter>Headers\Stage</Filter>
    </ClInclude>
    <ClInclude Include="$(MSBuildThisFileDirectory)TutorialStage.h">
      <Filter>Headers\Stage</Filter>
    </ClInclude>
    <ClInclude Include="$(MSBuildThisFileDirectory)JoinManager.h">
      <Filter>Headers\Manager</Filter>
    </ClInclude>
    <ClInclude Include="$(MSBuildThisFileDirectory)StageCollisionManager.h">
      <Filter>Headers\Manager</Filter>
    </ClInclude>
    <ClInclude Include="$(MSBuildThisFileDirectory)TitleManager.h">
      <Filter>Headers\Manager</Filter>
    </ClInclude>
    <ClInclude Include="$(MSBuildThisFileDirectory)SelectSprite.h">
      <Filter>Headers\UI</Filter>
    </ClInclude>
    <ClInclude Include="$(MSBuildThisFileDirectory)Block3.h">
      <Filter>Headers\GameObject</Filter>
    </ClInclude>
    <ClInclude Include="$(MSBuildThisFileDirectory)MiniMapBigPiece.h">
      <Filter>Headers\UI</Filter>
    </ClInclude>
    <ClInclude Include="$(MSBuildThisFileDirectory)TutorialManager.h">
      <Filter>Headers\Manager</Filter>
    </ClInclude>
    <ClInclude Include="$(MSBuildThisFileDirectory)RandCreateManager.h">
      <Filter>Headers\Manager</Filter>
    </ClInclude>
    <ClInclude Include="$(MSBuildThisFileDirectory)MiniMapPlayer.h">
      <Filter>Headers\UI</Filter>
    </ClInclude>
    <ClInclude Include="$(MSBuildThisFileDirectory)GameStage1.h">
      <Filter>Headers\Stage</Filter>
    </ClInclude>
    <ClInclude Include="$(MSBuildThisFileDirectory)GameStage2.h">
      <Filter>Headers\Stage</Filter>
    </ClInclude>
    <ClInclude Include="$(MSBuildThisFileDirectory)GameStage3.h">
      <Filter>Headers\Stage</Filter>
    </ClInclude>
    <ClInclude Include="$(MSBuildThisFileDirectory)GameStage5.h">
      <Filter>Headers\Stage</Filter>
    </ClInclude>
    <ClInclude Include="$(MSBuildThisFileDirectory)GameStage6.h">
      <Filter>Headers\Stage</Filter>
    </ClInclude>
    <ClInclude Include="$(MSBuildThisFileDirectory)GameStage7.h">
      <Filter>Headers\Stage</Filter>
    </ClInclude>
    <ClInclude Include="$(MSBuildThisFileDirectory)GameStage9.h">
      <Filter>Headers\Stage</Filter>
    </ClInclude>
    <ClInclude Include="$(MSBuildThisFileDirectory)EnemyMovieManager.h">
      <Filter>Headers\Manager</Filter>
    </ClInclude>
    <ClInclude Include="$(MSBuildThisFileDirectory)Effect.h">
      <Filter>Headers\Effect</Filter>
    </ClInclude>
    <ClInclude Include="$(MSBuildThisFileDirectory)EffectBreakWall.h">
      <Filter>Headers\Effect</Filter>
    </ClInclude>
    <ClInclude Include="$(MSBuildThisFileDirectory)EffectBullet.h">
      <Filter>Headers\Effect</Filter>
    </ClInclude>
    <ClInclude Include="$(MSBuildThisFileDirectory)EffectChase.h">
      <Filter>Headers\Effect</Filter>
    </ClInclude>
    <ClInclude Include="$(MSBuildThisFileDirectory)EffectMove.h">
      <Filter>Headers\Effect</Filter>
    </ClInclude>
    <ClInclude Include="$(MSBuildThisFileDirectory)EffectPiece.h">
      <Filter>Headers\Effect</Filter>
    </ClInclude>
    <ClInclude Include="$(MSBuildThisFileDirectory)StageSelectSprite.h">
      <Filter>Headers\UI</Filter>
    </ClInclude>
    <ClInclude Include="$(MSBuildThisFileDirectory)UIManager.h">
      <Filter>Headers\Manager</Filter>
    </ClInclude>
    <ClInclude Include="$(MSBuildThisFileDirectory)UITools.h">
      <Filter>Headers</Filter>
    </ClInclude>
    <ClInclude Include="$(MSBuildThisFileDirectory)PieceManager.h">
      <Filter>Headers\Manager</Filter>
    </ClInclude>
    <ClInclude Include="$(MSBuildThisFileDirectory)UIScroll.h">
      <Filter>Headers\UI</Filter>
    </ClInclude>
    <ClInclude Include="$(MSBuildThisFileDirectory)GameStage11.h">
      <Filter>Headers\Stage</Filter>
    </ClInclude>
    <ClInclude Include="$(MSBuildThisFileDirectory)GameStage12.h">
      <Filter>Headers\Stage</Filter>
    </ClInclude>
    <ClInclude Include="$(MSBuildThisFileDirectory)MyMovieStage.h">
      <Filter>Headers\Stage</Filter>
    </ClInclude>
  </ItemGroup>
  <ItemGroup>
    <ClCompile Include="$(MSBuildThisFileDirectory)ProjectShader.cpp">
      <Filter>Sources</Filter>
    </ClCompile>
    <ClCompile Include="$(MSBuildThisFileDirectory)Scene.cpp">
      <Filter>Sources</Filter>
    </ClCompile>
    <ClCompile Include="$(MSBuildThisFileDirectory)WinMain.cpp">
      <Filter>Sources</Filter>
    </ClCompile>
    <ClCompile Include="$(MSBuildThisFileDirectory)ProjectBehavior.cpp">
      <Filter>Sources</Filter>
    </ClCompile>
    <ClCompile Include="$(MSBuildThisFileDirectory)MainCamera.cpp">
      <Filter>Sources</Filter>
    </ClCompile>
    <ClCompile Include="$(MSBuildThisFileDirectory)HemmiStage.cpp">
      <Filter>Sources\SmapleStage</Filter>
    </ClCompile>
    <ClCompile Include="$(MSBuildThisFileDirectory)SanpeiStage.cpp">
      <Filter>Sources\SmapleStage</Filter>
    </ClCompile>
    <ClCompile Include="$(MSBuildThisFileDirectory)OkawaraStage.cpp">
      <Filter>Sources\SmapleStage</Filter>
    </ClCompile>
    <ClCompile Include="$(MSBuildThisFileDirectory)TaruiStage.cpp">
      <Filter>Sources\SmapleStage</Filter>
    </ClCompile>
    <ClCompile Include="$(MSBuildThisFileDirectory)TestCamera.cpp">
      <Filter>Sources</Filter>
    </ClCompile>
    <ClCompile Include="$(MSBuildThisFileDirectory)Data.cpp">
      <Filter>Sources</Filter>
    </ClCompile>
    <ClCompile Include="$(MSBuildThisFileDirectory)GameOverStage.cpp">
      <Filter>Sources\Stage</Filter>
    </ClCompile>
    <ClCompile Include="$(MSBuildThisFileDirectory)GameStage4.cpp">
      <Filter>Sources\Stage</Filter>
    </ClCompile>
    <ClCompile Include="$(MSBuildThisFileDirectory)StartStage.cpp">
      <Filter>Sources\Stage</Filter>
    </ClCompile>
    <ClCompile Include="$(MSBuildThisFileDirectory)ClearStage.cpp">
      <Filter>Sources\Stage</Filter>
    </ClCompile>
    <ClCompile Include="$(MSBuildThisFileDirectory)Block.cpp">
      <Filter>Sources\GameObject</Filter>
    </ClCompile>
    <ClCompile Include="$(MSBuildThisFileDirectory)Block2.cpp">
      <Filter>Sources\GameObject</Filter>
    </ClCompile>
    <ClCompile Include="$(MSBuildThisFileDirectory)BreakWall.cpp">
      <Filter>Sources\GameObject</Filter>
    </ClCompile>
    <ClCompile Include="$(MSBuildThisFileDirectory)Wall.cpp">
      <Filter>Sources\GameObject</Filter>
    </ClCompile>
    <ClCompile Include="$(MSBuildThisFileDirectory)Bullet.cpp">
      <Filter>Sources\GameObject</Filter>
    </ClCompile>
    <ClCompile Include="$(MSBuildThisFileDirectory)Character.cpp">
      <Filter>Sources\GameObject</Filter>
    </ClCompile>
    <ClCompile Include="$(MSBuildThisFileDirectory)Enemy.cpp">
      <Filter>Sources\GameObject</Filter>
    </ClCompile>
    <ClCompile Include="$(MSBuildThisFileDirectory)EnemyPiece.cpp">
      <Filter>Sources\GameObject</Filter>
    </ClCompile>
    <ClCompile Include="$(MSBuildThisFileDirectory)Ground.cpp">
      <Filter>Sources\GameObject</Filter>
    </ClCompile>
    <ClCompile Include="$(MSBuildThisFileDirectory)Player.cpp">
      <Filter>Sources\GameObject</Filter>
    </ClCompile>
    <ClCompile Include="$(MSBuildThisFileDirectory)RecoveryWall.cpp">
      <Filter>Sources\GameObject</Filter>
    </ClCompile>
    <ClCompile Include="$(MSBuildThisFileDirectory)PieceGarge.cpp">
      <Filter>Sources\UI</Filter>
    </ClCompile>
    <ClCompile Include="$(MSBuildThisFileDirectory)PieceGarge2.cpp">
      <Filter>Sources\UI</Filter>
    </ClCompile>
    <ClCompile Include="$(MSBuildThisFileDirectory)Garge.cpp">
      <Filter>Sources\UI</Filter>
    </ClCompile>
    <ClCompile Include="$(MSBuildThisFileDirectory)PlayerGarge.cpp">
      <Filter>Sources\UI</Filter>
    </ClCompile>
    <ClCompile Include="$(MSBuildThisFileDirectory)Radar.cpp">
      <Filter>Sources\UI</Filter>
    </ClCompile>
    <ClCompile Include="$(MSBuildThisFileDirectory)UITime.cpp">
      <Filter>Sources\UI</Filter>
    </ClCompile>
    <ClCompile Include="$(MSBuildThisFileDirectory)StageManager.cpp">
      <Filter>Sources\Manager</Filter>
    </ClCompile>
    <ClCompile Include="$(MSBuildThisFileDirectory)TimeManager.cpp">
      <Filter>Sources\Manager</Filter>
    </ClCompile>
    <ClCompile Include="$(MSBuildThisFileDirectory)Sprite.cpp">
      <Filter>Sources\UI</Filter>
    </ClCompile>
    <ClCompile Include="$(MSBuildThisFileDirectory)BigPiece.cpp">
      <Filter>Sources\GameObject</Filter>
    </ClCompile>
    <ClCompile Include="$(MSBuildThisFileDirectory)StatusStage.cpp">
      <Filter>Sources\Stage</Filter>
    </ClCompile>
    <ClCompile Include="$(MSBuildThisFileDirectory)LoadStage.cpp">
      <Filter>Sources\Stage</Filter>
    </ClCompile>
    <ClCompile Include="$(MSBuildThisFileDirectory)TitleStage.cpp">
      <Filter>Sources\Stage</Filter>
    </ClCompile>
    <ClCompile Include="$(MSBuildThisFileDirectory)StatusManager.cpp">
      <Filter>Sources\Manager</Filter>
    </ClCompile>
    <ClCompile Include="$(MSBuildThisFileDirectory)ScoreStage.cpp">
      <Filter>Sources\Stage</Filter>
    </ClCompile>
    <ClCompile Include="$(MSBuildThisFileDirectory)PieceLittle.cpp">
      <Filter>Sources\GameObject</Filter>
    </ClCompile>
    <ClCompile Include="$(MSBuildThisFileDirectory)EscapeManager.cpp">
      <Filter>Sources\Manager</Filter>
    </ClCompile>
    <ClCompile Include="$(MSBuildThisFileDirectory)Comment.cpp">
      <Filter>Sources\UI</Filter>
    </ClCompile>
    <ClCompile Include="$(MSBuildThisFileDirectory)CommentManager.cpp">
      <Filter>Sources\Manager</Filter>
    </ClCompile>
    <ClCompile Include="$(MSBuildThisFileDirectory)GameStage8.cpp">
      <Filter>Sources\Stage</Filter>
    </ClCompile>
    <ClCompile Include="$(MSBuildThisFileDirectory)GameStage10.cpp">
      <Filter>Sources\Stage</Filter>
    </ClCompile>
    <ClCompile Include="$(MSBuildThisFileDirectory)TutorialStage.cpp">
      <Filter>Sources\Stage</Filter>
    </ClCompile>
    <ClCompile Include="$(MSBuildThisFileDirectory)JoinManager.cpp">
      <Filter>Sources\Manager</Filter>
    </ClCompile>
    <ClCompile Include="$(MSBuildThisFileDirectory)StageCollisionManager.cpp">
      <Filter>Sources\Manager</Filter>
    </ClCompile>
    <ClCompile Include="$(MSBuildThisFileDirectory)TitleManager.cpp">
      <Filter>Sources\Manager</Filter>
    </ClCompile>
    <ClCompile Include="$(MSBuildThisFileDirectory)SelectSprite.cpp">
      <Filter>Sources\UI</Filter>
    </ClCompile>
    <ClCompile Include="$(MSBuildThisFileDirectory)Block3.cpp">
      <Filter>Sources\GameObject</Filter>
    </ClCompile>
    <ClCompile Include="$(MSBuildThisFileDirectory)MiniMapBigPiece.cpp">
      <Filter>Sources\UI</Filter>
    </ClCompile>
    <ClCompile Include="$(MSBuildThisFileDirectory)TutorialManager.cpp">
      <Filter>Sources\Manager</Filter>
    </ClCompile>
    <ClCompile Include="$(MSBuildThisFileDirectory)MiniMapPlayer.cpp">
      <Filter>Sources\UI</Filter>
    </ClCompile>
    <ClCompile Include="$(MSBuildThisFileDirectory)RandCreateManager.cpp">
      <Filter>Sources\Manager</Filter>
    </ClCompile>
    <ClCompile Include="$(MSBuildThisFileDirectory)GameStage1.cpp">
      <Filter>Sources\Stage</Filter>
    </ClCompile>
    <ClCompile Include="$(MSBuildThisFileDirectory)GameStage2.cpp">
      <Filter>Sources\Stage</Filter>
    </ClCompile>
    <ClCompile Include="$(MSBuildThisFileDirectory)GameStage3.cpp">
      <Filter>Sources\Stage</Filter>
    </ClCompile>
    <ClCompile Include="$(MSBuildThisFileDirectory)GameStage5.cpp">
      <Filter>Sources\Stage</Filter>
    </ClCompile>
    <ClCompile Include="$(MSBuildThisFileDirectory)GameStage6.cpp">
      <Filter>Sources\Stage</Filter>
    </ClCompile>
    <ClCompile Include="$(MSBuildThisFileDirectory)GameStage7.cpp">
      <Filter>Sources\Stage</Filter>
    </ClCompile>
    <ClCompile Include="$(MSBuildThisFileDirectory)GameStage9.cpp">
      <Filter>Sources\Stage</Filter>
    </ClCompile>
    <ClCompile Include="$(MSBuildThisFileDirectory)EnemyMovieManager.cpp">
      <Filter>Sources\Manager</Filter>
    </ClCompile>
    <ClCompile Include="$(MSBuildThisFileDirectory)Effect.cpp">
      <Filter>Sources\Effect</Filter>
    </ClCompile>
    <ClCompile Include="$(MSBuildThisFileDirectory)EffectBreakWall.cpp">
      <Filter>Sources\Effect</Filter>
    </ClCompile>
    <ClCompile Include="$(MSBuildThisFileDirectory)EffectBullet.cpp">
      <Filter>Sources\Effect</Filter>
    </ClCompile>
    <ClCompile Include="$(MSBuildThisFileDirectory)EffectChase.cpp">
      <Filter>Sources\Effect</Filter>
    </ClCompile>
    <ClCompile Include="$(MSBuildThisFileDirectory)EffectMove.cpp">
      <Filter>Sources\Effect</Filter>
    </ClCompile>
    <ClCompile Include="$(MSBuildThisFileDirectory)EffectPiece.cpp">
      <Filter>Sources\Effect</Filter>
    </ClCompile>
    <ClCompile Include="$(MSBuildThisFileDirectory)StageSelectSprite.cpp">
      <Filter>Sources\UI</Filter>
    </ClCompile>
    <ClCompile Include="$(MSBuildThisFileDirectory)UIManager.cpp">
      <Filter>Sources\Manager</Filter>
    </ClCompile>
    <ClCompile Include="$(MSBuildThisFileDirectory)PieceManager.cpp">
      <Filter>Sources\Manager</Filter>
    </ClCompile>
    <ClCompile Include="$(MSBuildThisFileDirectory)UITools.cpp">
      <Filter>Sources</Filter>
    </ClCompile>
    <ClCompile Include="$(MSBuildThisFileDirectory)UIScroll.cpp">
      <Filter>Sources\UI</Filter>
    </ClCompile>
    <ClCompile Include="$(MSBuildThisFileDirectory)GameStage11.cpp">
      <Filter>Sources\Stage</Filter>
    </ClCompile>
    <ClCompile Include="$(MSBuildThisFileDirectory)GameStage12.cpp">
      <Filter>Sources\Stage</Filter>
    </ClCompile>
    <ClCompile Include="$(MSBuildThisFileDirectory)MyMovieStage.cpp">
      <Filter>Sources\Stage</Filter>
    </ClCompile>
  </ItemGroup>
</Project>